<?xml version="1.0" encoding="utf-8"?>
<Project ToolsVersion="4.0" xmlns="http://schemas.microsoft.com/developer/msbuild/2003">
  <ItemGroup>
    <Filter Include="Source Files">
      <UniqueIdentifier>{4FC737F1-C7A5-4376-A066-2A32D752A2FF}</UniqueIdentifier>
      <Extensions>cpp;c;cc;cxx;c++;cppm;ixx;def;odl;idl;hpj;bat;asm;asmx</Extensions>
    </Filter>
    <Filter Include="Header Files">
      <UniqueIdentifier>{93995380-89BD-4b04-88EB-625FBE52EBFB}</UniqueIdentifier>
      <Extensions>h;hh;hpp;hxx;h++;hm;inl;inc;ipp;xsd</Extensions>
    </Filter>
    <Filter Include="Resource Files">
      <UniqueIdentifier>{67DA6AB6-F800-4c08-8B7A-83BB121AAD01}</UniqueIdentifier>
      <Extensions>rc;ico;cur;bmp;dlg;rc2;rct;bin;rgs;gif;jpg;jpeg;jpe;resx;tiff;tif;png;wav;mfcribbon-ms</Extensions>
    </Filter>
  </ItemGroup>
  <ItemGroup>
    <ClInclude Include="libraries\raylib\include\raylib.h">
      <Filter>Header Files</Filter>
    </ClInclude>
    <ClInclude Include="libraries\raylib\include\raymath.h">
      <Filter>Header Files</Filter>
    </ClInclude>
    <ClInclude Include="libraries\raylib\include\rlgl.h">
      <Filter>Header Files</Filter>
    </ClInclude>
    <ClInclude Include="scripts\enemies\AiEnemy.hpp">
      <Filter>Header Files</Filter>
    </ClInclude>
    <ClInclude Include="scripts\ui\AudioManager.hpp">
      <Filter>Header Files</Filter>
    </ClInclude>
    <ClInclude Include="scripts\ui\BackgroundManager.hpp">
      <Filter>Header Files</Filter>
    </ClInclude>
    <ClInclude Include="scripts\entities\BloodEffect.hpp">
      <Filter>Header Files</Filter>
    </ClInclude>
    <ClInclude Include="scripts\enemies\Boss.hpp">
      <Filter>Header Files</Filter>
    </ClInclude>
    <ClInclude Include="scripts\enemies\Bullet.hpp">
      <Filter>Header Files</Filter>
    </ClInclude>
    <ClInclude Include="scripts\enemies\BulletAnim.hpp">
      <Filter>Header Files</Filter>
    </ClInclude>
    <ClInclude Include="scripts\systems\CameraManager.hpp">
      <Filter>Header Files</Filter>
    </ClInclude>
    <ClInclude Include="scripts\systems\CreationManager.hpp">
      <Filter>Header Files</Filter>
    </ClInclude>
    <ClInclude Include="scripts\systems\Debug.hpp">
      <Filter>Header Files</Filter>
    </ClInclude>
    <ClInclude Include="scripts\entities\FloatingText.hpp">
      <Filter>Header Files</Filter>
    </ClInclude>
    <ClInclude Include="scripts\core\game.hpp">
      <Filter>Header Files</Filter>
    </ClInclude>
    <ClInclude Include="scripts\core\GlobalManagers.hpp">
      <Filter>Header Files</Filter>
    </ClInclude>
    <ClInclude Include="scripts\entities\Grenade.hpp">
      <Filter>Header Files</Filter>
    </ClInclude>
    <ClInclude Include="scripts\player\InputManager.hpp">
      <Filter>Header Files</Filter>
    </ClInclude>
    <ClInclude Include="scripts\entities\item.hpp">
      <Filter>Header Files</Filter>
    </ClInclude>
    <ClInclude Include="scripts\systems\LevelMap.hpp">
      <Filter>Header Files</Filter>
    </ClInclude>
    <ClInclude Include="scripts\player\Player.hpp">
      <Filter>Header Files</Filter>
    </ClInclude>
    <ClInclude Include="scripts\entities\Prisoner.hpp">
      <Filter>Header Files</Filter>
    </ClInclude>
    <ClInclude Include="scripts\player\playerAnim.hpp">
      <Filter>Header Files</Filter>
    </ClInclude>
    <ClInclude Include="scripts\core\SceneManager.hpp">
      <Filter>Header Files</Filter>
    </ClInclude>
    <ClInclude Include="scripts\enemies\Soldier.hpp">
      <Filter>Header Files</Filter>
    </ClInclude>
    <ClInclude Include="scripts\enemies\SoldierAnim.hpp">
      <Filter>Header Files</Filter>
    </ClInclude>
    <ClInclude Include="scripts\enemies\SoldierState.hpp">
      <Filter>Header Files</Filter>
    </ClInclude>
    <ClInclude Include="scripts\systems\SystemCollision.hpp">
      <Filter>Header Files</Filter>
    </ClInclude>
    <ClInclude Include="scripts\core\TimerManager.hpp">
      <Filter>Header Files</Filter>
    </ClInclude>
    <ClInclude Include="scripts\ui\UiManager.hpp">
      <Filter>Header Files</Filter>
    </ClInclude>
  </ItemGroup>
  <ItemGroup>
    <ClCompile Include="scripts\core\game.cpp">
      <Filter>Source Files</Filter>
    </ClCompile>
    <ClCompile Include="scripts\core\GlobalManagers.cpp">
      <Filter>Source Files</Filter>
    </ClCompile>
    <ClCompile Include="scripts\core\main.cpp">
      <Filter>Source Files</Filter>
    </ClCompile>
    <ClCompile Include="scripts\core\SceneManager.cpp">
      <Filter>Source Files</Filter>
    </ClCompile>
    <ClCompile Include="scripts\core\TimerManager.cpp">
      <Filter>Source Files</Filter>
    </ClCompile>
    <ClCompile Include="scripts\enemies\Boss.cpp">
      <Filter>Source Files</Filter>
    </ClCompile>
    <ClCompile Include="scripts\enemies\Bullet.cpp">
      <Filter>Source Files</Filter>
    </ClCompile>
    <ClCompile Include="scripts\enemies\BulletAnim.cpp">
      <Filter>Source Files</Filter>
    </ClCompile>
    <ClCompile Include="scripts\enemies\Soldier.cpp">
      <Filter>Source Files</Filter>
    </ClCompile>
    <ClCompile Include="scripts\enemies\SoldierAnim.cpp">
      <Filter>Source Files</Filter>
    </ClCompile>
    <ClCompile Include="scripts\entities\BloodEffect.cpp">
      <Filter>Source Files</Filter>
    </ClCompile>
    <ClCompile Include="scripts\entities\FloatingText.cpp">
      <Filter>Source Files</Filter>
    </ClCompile>
    <ClCompile Include="scripts\entities\Grenade.cpp">
      <Filter>Source Files</Filter>
    </ClCompile>
    <ClCompile Include="scripts\entities\item.cpp">
      <Filter>Source Files</Filter>
    </ClCompile>
    <ClCompile Include="scripts\entities\Prisoner.cpp">
      <Filter>Source Files</Filter>
    </ClCompile>
    <ClCompile Include="scripts\player\InputManager.cpp">
      <Filter>Source Files</Filter>
    </ClCompile>
    <ClCompile Include="scripts\player\Player.cpp">
      <Filter>Source Files</Filter>
    </ClCompile>
    <ClCompile Include="scripts\player\playerAnim.cpp">
      <Filter>Source Files</Filter>
    </ClCompile>
    <ClCompile Include="scripts\systems\CameraManager.cpp">
      <Filter>Source Files</Filter>
    </ClCompile>
    <ClCompile Include="scripts\systems\CreationManager.cpp">
      <Filter>Source Files</Filter>
    </ClCompile>
    <ClCompile Include="scripts\systems\Debug.cpp">
      <Filter>Source Files</Filter>
    </ClCompile>
    <ClCompile Include="scripts\systems\LevelMap.cpp">
      <Filter>Source Files</Filter>
    </ClCompile>
    <ClCompile Include="scripts\systems\SystemCollision.cpp">
      <Filter>Source Files</Filter>
    </ClCompile>
    <ClCompile Include="scripts\ui\AudioManager.cpp">
      <Filter>Source Files</Filter>
    </ClCompile>
    <ClCompile Include="scripts\ui\BackgroundManager.cpp">
      <Filter>Source Files</Filter>
    </ClCompile>
    <ClCompile Include="scripts\ui\UiManager.cpp">
      <Filter>Source Files</Filter>
    </ClCompile>
  </ItemGroup>
</Project>